
Microsoft Visual Studio Solution File, Format Version 12.00
# Visual Studio 15
VisualStudioVersion = 15.0.27130.2010
MinimumVisualStudioVersion = 10.0.40219.1
Project("{FAE04EC0-301F-11D3-BF4B-00C04F79EFBC}") = "Set.Core", "Set.Core\Set.Core.csproj", "{AE7880A4-DC8F-4A7B-8B96-F7FA8D24BC02}"
EndProject
Project("{FAE04EC0-301F-11D3-BF4B-00C04F79EFBC}") = "Set.Forms", "Set.Forms\Set.Forms.csproj", "{F1D81427-BF85-43BC-ADC8-EBBB74FB1243}"
EndProject
Project("{2150E333-8FDC-42A3-9474-1A3956D46DE8}") = "Solution Items", "Solution Items", "{8F915331-FD0B-401D-8DE3-D2E573718195}"
	ProjectSection(SolutionItems) = preProject
		README.md = README.md
	EndProjectSection
EndProject
Project("{FAE04EC0-301F-11D3-BF4B-00C04F79EFBC}") = "Set.xTest", "Set.xTest\Set.xTest.csproj", "{F6D57BF4-E317-4E77-B993-24F1DCB9E3FE}"
EndProject
Global
	GlobalSection(SolutionConfigurationPlatforms) = preSolution
		Debug|Any CPU = Debug|Any CPU
		Release|Any CPU = Release|Any CPU
	EndGlobalSection
	GlobalSection(ProjectConfigurationPlatforms) = postSolution
		{AE7880A4-DC8F-4A7B-8B96-F7FA8D24BC02}.Debug|Any CPU.ActiveCfg = Debug|Any CPU
		{AE7880A4-DC8F-4A7B-8B96-F7FA8D24BC02}.Debug|Any CPU.Build.0 = Debug|Any CPU
		{AE7880A4-DC8F-4A7B-8B96-F7FA8D24BC02}.Release|Any CPU.ActiveCfg = Release|Any CPU
		{AE7880A4-DC8F-4A7B-8B96-F7FA8D24BC02}.Release|Any CPU.Build.0 = Release|Any CPU
		{F1D81427-BF85-43BC-ADC8-EBBB74FB1243}.Debug|Any CPU.ActiveCfg = Debug|Any CPU
		{F1D81427-BF85-43BC-ADC8-EBBB74FB1243}.Debug|Any CPU.Build.0 = Debug|Any CPU
		{F1D81427-BF85-43BC-ADC8-EBBB74FB1243}.Release|Any CPU.ActiveCfg = Release|Any CPU
		{F1D81427-BF85-43BC-ADC8-EBBB74FB1243}.Release|Any CPU.Build.0 = Release|Any CPU
		{F6D57BF4-E317-4E77-B993-24F1DCB9E3FE}.Debug|Any CPU.ActiveCfg = Debug|Any CPU
		{F6D57BF4-E317-4E77-B993-24F1DCB9E3FE}.Debug|Any CPU.Build.0 = Debug|Any CPU
		{F6D57BF4-E317-4E77-B993-24F1DCB9E3FE}.Release|Any CPU.ActiveCfg = Release|Any CPU
		{F6D57BF4-E317-4E77-B993-24F1DCB9E3FE}.Release|Any CPU.Build.0 = Release|Any CPU
	EndGlobalSection
	GlobalSection(SolutionProperties) = preSolution
		HideSolutionNode = FALSE
	EndGlobalSection
	GlobalSection(ExtensibilityGlobals) = postSolution
		SolutionGuid = {0D31D1B7-1A0D-4E26-BFDF-7ADB8277EB38}
	EndGlobalSection
EndGlobal
