
Microsoft Visual Studio Solution File, Format Version 12.00
# Visual Studio Version 16
VisualStudioVersion = 16.0.29709.97
MinimumVisualStudioVersion = 10.0.40219.1
Project("{FAE04EC0-301F-11D3-BF4B-00C04F79EFBC}") = "Set.Forms", "src\Set.Forms\Set.Forms.csproj", "{F1D81427-BF85-43BC-ADC8-EBBB74FB1243}"
EndProject
Project("{2150E333-8FDC-42A3-9474-1A3956D46DE8}") = "Solution Items", "Solution Items", "{8F915331-FD0B-401D-8DE3-D2E573718195}"
	ProjectSection(SolutionItems) = preProject
		README.md = README.md
	EndProjectSection
EndProject
Project("{9A19103F-16F7-4668-BE54-9A1E7A4F7556}") = "Set.UnitTests", "test\Set.xTest\Set.UnitTests.csproj", "{F6D57BF4-E317-4E77-B993-24F1DCB9E3FE}"
EndProject
Project("{9A19103F-16F7-4668-BE54-9A1E7A4F7556}") = "Set.Core", "src\Set.Core\Set.Core.csproj", "{95E3248D-0F03-46A4-B2A5-9221B1A1EDA6}"
EndProject
Project("{2150E333-8FDC-42A3-9474-1A3956D46DE8}") = "src", "src", "{D59E8B8E-F07E-4A8D-906D-91E937DBE01A}"
EndProject
Project("{2150E333-8FDC-42A3-9474-1A3956D46DE8}") = "test", "test", "{71C54DC1-E8A7-4F36-92A0-D1C8C18E6A72}"
EndProject
Project("{9A19103F-16F7-4668-BE54-9A1E7A4F7556}") = "Set.BlazorClient", "src\Set.BlazorClient\Set.BlazorClient.csproj", "{43A05771-EAA9-4CC2-9FBF-DC1EAA77F0DD}"
EndProject
Global
	GlobalSection(SolutionConfigurationPlatforms) = preSolution
		Debug|Any CPU = Debug|Any CPU
		Release|Any CPU = Release|Any CPU
	EndGlobalSection
	GlobalSection(ProjectConfigurationPlatforms) = postSolution
		{F1D81427-BF85-43BC-ADC8-EBBB74FB1243}.Debug|Any CPU.ActiveCfg = Debug|Any CPU
		{F1D81427-BF85-43BC-ADC8-EBBB74FB1243}.Debug|Any CPU.Build.0 = Debug|Any CPU
		{F1D81427-BF85-43BC-ADC8-EBBB74FB1243}.Release|Any CPU.ActiveCfg = Release|Any CPU
		{F1D81427-BF85-43BC-ADC8-EBBB74FB1243}.Release|Any CPU.Build.0 = Release|Any CPU
		{F6D57BF4-E317-4E77-B993-24F1DCB9E3FE}.Debug|Any CPU.ActiveCfg = Debug|Any CPU
		{F6D57BF4-E317-4E77-B993-24F1DCB9E3FE}.Debug|Any CPU.Build.0 = Debug|Any CPU
		{F6D57BF4-E317-4E77-B993-24F1DCB9E3FE}.Release|Any CPU.ActiveCfg = Release|Any CPU
		{F6D57BF4-E317-4E77-B993-24F1DCB9E3FE}.Release|Any CPU.Build.0 = Release|Any CPU
		{95E3248D-0F03-46A4-B2A5-9221B1A1EDA6}.Debug|Any CPU.ActiveCfg = Debug|Any CPU
		{95E3248D-0F03-46A4-B2A5-9221B1A1EDA6}.Debug|Any CPU.Build.0 = Debug|Any CPU
		{95E3248D-0F03-46A4-B2A5-9221B1A1EDA6}.Release|Any CPU.ActiveCfg = Release|Any CPU
		{95E3248D-0F03-46A4-B2A5-9221B1A1EDA6}.Release|Any CPU.Build.0 = Release|Any CPU
		{43A05771-EAA9-4CC2-9FBF-DC1EAA77F0DD}.Debug|Any CPU.ActiveCfg = Debug|Any CPU
		{43A05771-EAA9-4CC2-9FBF-DC1EAA77F0DD}.Debug|Any CPU.Build.0 = Debug|Any CPU
		{43A05771-EAA9-4CC2-9FBF-DC1EAA77F0DD}.Release|Any CPU.ActiveCfg = Release|Any CPU
		{43A05771-EAA9-4CC2-9FBF-DC1EAA77F0DD}.Release|Any CPU.Build.0 = Release|Any CPU
	EndGlobalSection
	GlobalSection(SolutionProperties) = preSolution
		HideSolutionNode = FALSE
	EndGlobalSection
	GlobalSection(NestedProjects) = preSolution
		{F1D81427-BF85-43BC-ADC8-EBBB74FB1243} = {D59E8B8E-F07E-4A8D-906D-91E937DBE01A}
		{F6D57BF4-E317-4E77-B993-24F1DCB9E3FE} = {71C54DC1-E8A7-4F36-92A0-D1C8C18E6A72}
		{95E3248D-0F03-46A4-B2A5-9221B1A1EDA6} = {D59E8B8E-F07E-4A8D-906D-91E937DBE01A}
		{43A05771-EAA9-4CC2-9FBF-DC1EAA77F0DD} = {D59E8B8E-F07E-4A8D-906D-91E937DBE01A}
	EndGlobalSection
	GlobalSection(ExtensibilityGlobals) = postSolution
		SolutionGuid = {0D31D1B7-1A0D-4E26-BFDF-7ADB8277EB38}
	EndGlobalSection
EndGlobal
